{
  "name": "@archimedes/arch",
  "version": "0.0.0",
  "lockfileVersion": 1,
  "requires": true,
  "dependencies": {
    "@archimedes/utils": {
      "version": "0.0.0",
      "requires": {
        "luxon": "1.26.0"
      },
      "dependencies": {
        "@types/luxon": {
          "version": "1.26.0",
          "resolved": "https://registry.npmjs.org/@types/luxon/-/luxon-1.26.0.tgz",
          "integrity": "sha512-zYmLYGczqBaOFaFjR1giG1QCbGMlXWOJcYgH9Mnk0MGcZHq1aer3ZwGXX8vd9NOfai6mAI/mVU6jD9hK0Wys7Q=="
        },
        "luxon": {
          "version": "1.26.0",
          "resolved": "https://registry.npmjs.org/luxon/-/luxon-1.26.0.tgz",
          "integrity": "sha512-+V5QIQ5f6CDXQpWNICELwjwuHdqeJM1UenlZWx5ujcRMc9venvluCjFb4t5NYLhb6IhkbMVOxzVuOqkgMxee2A=="
        },
        "typescript": {
          "version": "4.1.5",
          "resolved": "https://registry.npmjs.org/typescript/-/typescript-4.1.5.tgz",
          "integrity": "sha512-6OSu9PTIzmn9TCDiovULTnET6BgXtDYL4Gg4szY+cGsc3JP1dQL8qvE8kShTRx1NIw4Q9IBHlwODjkjWEtMUyA=="
        }
      }
    },
    "reflect-metadata": {
      "version": "0.1.13",
      "resolved": "https://registry.npmjs.org/reflect-metadata/-/reflect-metadata-0.1.13.tgz",
      "integrity": "sha512-Ts1Y/anZELhSsjMcU605fU9RE4Oi3p5ORujwbIKXfWa+0Zxs510Qrmrce5/Jowq3cHSZSJqBjypxmHarc+vEWg=="
    },
    "tiny-lru": {
      "version": "7.0.6",
      "resolved": "https://registry.npmjs.org/tiny-lru/-/tiny-lru-7.0.6.tgz",
      "integrity": "sha512-zNYO0Kvgn5rXzWpL0y3RS09sMK67eGaQj9805jlK9G6pSadfriTczzLHFXa/xcW4mIRfmlB9HyQ/+SgL0V1uow=="
    },
    "ts-md5": {
      "version": "1.2.7",
      "resolved": "https://registry.npmjs.org/ts-md5/-/ts-md5-1.2.7.tgz",
      "integrity": "sha512-emODogvKGWi1KO1l9c6YxLMBn6CEH3VrH5mVPIyOtxBG52BvV4jP3GWz6bOZCz61nLgBc3ffQYE4+EHfCD+V7w=="
    },
    "typescript": {
      "version": "4.1.5",
      "resolved": "https://registry.npmjs.org/typescript/-/typescript-4.1.5.tgz",
      "integrity": "sha512-6OSu9PTIzmn9TCDiovULTnET6BgXtDYL4Gg4szY+cGsc3JP1dQL8qvE8kShTRx1NIw4Q9IBHlwODjkjWEtMUyA==",
      "dev": true
    }
  }
}
